
Microsoft Visual Studio Solution File, Format Version 12.00
# Visual Studio Version 17
VisualStudioVersion = 17.14.36301.6 d17.14
MinimumVisualStudioVersion = 10.0.40219.1
Project("{FAE04EC0-301F-11D3-BF4B-00C04F79EFBC}") = "EmployeeAdminPortal", "EmployeeAdminPortal\EmployeeAdminPortal.csproj", "{2E4B0E38-4E12-4ADE-BE95-7F85E7C7C30B}"
EndProject
Global
	GlobalSection(SolutionConfigurationPlatforms) = preSolution
		Debug|Any CPU = Debug|Any CPU
		Release|Any CPU = Release|Any CPU
	EndGlobalSection
	GlobalSection(ProjectConfigurationPlatforms) = postSolution
		{2E4B0E38-4E12-4ADE-BE95-7F85E7C7C30B}.Debug|Any CPU.ActiveCfg = Debug|Any CPU
		{2E4B0E38-4E12-4ADE-BE95-7F85E7C7C30B}.Debug|Any CPU.Build.0 = Debug|Any CPU
		{2E4B0E38-4E12-4ADE-BE95-7F85E7C7C30B}.Release|Any CPU.ActiveCfg = Release|Any CPU
		{2E4B0E38-4E12-4ADE-BE95-7F85E7C7C30B}.Release|Any CPU.Build.0 = Release|Any CPU
	EndGlobalSection
	GlobalSection(SolutionProperties) = preSolution
		HideSolutionNode = FALSE
	EndGlobalSection
	GlobalSection(ExtensibilityGlobals) = postSolution
		SolutionGuid = {BF96DF4F-6753-4771-8340-76789B2F0565}
	EndGlobalSection
EndGlobal
